
Microsoft Visual Studio Solution File, Format Version 12.00
# Visual Studio 2012
Project("{FAE04EC0-301F-11D3-BF4B-00C04F79EFBC}") = "Utility", "Utility\Utility.csproj", "{C2B5DD52-B04E-445C-9D1D-87A809D0EE50}"
EndProject
Project("{FAE04EC0-301F-11D3-BF4B-00C04F79EFBC}") = "TestLibrary", "TestLibrary\TestLibrary.csproj", "{4C10C60B-BD24-4940-9FAE-D0891FD8A241}"
EndProject
Global
	GlobalSection(SolutionConfigurationPlatforms) = preSolution
		Debug|Any CPU = Debug|Any CPU
		Release|Any CPU = Release|Any CPU
	EndGlobalSection
	GlobalSection(ProjectConfigurationPlatforms) = postSolution
		{C2B5DD52-B04E-445C-9D1D-87A809D0EE50}.Debug|Any CPU.ActiveCfg = Debug|Any CPU
		{C2B5DD52-B04E-445C-9D1D-87A809D0EE50}.Debug|Any CPU.Build.0 = Debug|Any CPU
		{C2B5DD52-B04E-445C-9D1D-87A809D0EE50}.Release|Any CPU.ActiveCfg = Release|Any CPU
		{C2B5DD52-B04E-445C-9D1D-87A809D0EE50}.Release|Any CPU.Build.0 = Release|Any CPU
		{4C10C60B-BD24-4940-9FAE-D0891FD8A241}.Debug|Any CPU.ActiveCfg = Debug|Any CPU
		{4C10C60B-BD24-4940-9FAE-D0891FD8A241}.Debug|Any CPU.Build.0 = Debug|Any CPU
		{4C10C60B-BD24-4940-9FAE-D0891FD8A241}.Release|Any CPU.ActiveCfg = Release|Any CPU
		{4C10C60B-BD24-4940-9FAE-D0891FD8A241}.Release|Any CPU.Build.0 = Release|Any CPU
	EndGlobalSection
	GlobalSection(SolutionProperties) = preSolution
		HideSolutionNode = FALSE
	EndGlobalSection
EndGlobal
